
Microsoft Visual Studio Solution File, Format Version 12.00
# Visual Studio 14
VisualStudioVersion = 14.0.25123.0
MinimumVisualStudioVersion = 10.0.40219.1
Project("{FAE04EC0-301F-11D3-BF4B-00C04F79EFBC}") = "AsthmaMDK", "AsthmaMDK\AsthmaMDK.csproj", "{9DB10304-BD1C-43E0-86CB-567052D27CEC}"
EndProject
Project("{FAE04EC0-301F-11D3-BF4B-00C04F79EFBC}") = "AsthmaMDK.Models", "AsthmaMDK.Models\AsthmaMDK.Models.csproj", "{397C00C9-42EE-461E-B81E-14332E1E90D6}"
EndProject
Project("{FAE04EC0-301F-11D3-BF4B-00C04F79EFBC}") = "AsthmaMDK.ViewModels", "AsthmaMDK.ViewModels\AsthmaMDK.ViewModels.csproj", "{CFE8FB5C-6F3A-4049-A5F9-CC5CCFABD5A1}"
EndProject
Project("{FAE04EC0-301F-11D3-BF4B-00C04F79EFBC}") = "AsthmaMDK.Services", "AsthmaMDK.Services\AsthmaMDK.Services.csproj", "{786320B7-5A9E-4AF5-AF9B-EE37DAACA0AD}"
EndProject
Global
	GlobalSection(SolutionConfigurationPlatforms) = preSolution
		Debug|Any CPU = Debug|Any CPU
		Release|Any CPU = Release|Any CPU
	EndGlobalSection
	GlobalSection(ProjectConfigurationPlatforms) = postSolution
		{9DB10304-BD1C-43E0-86CB-567052D27CEC}.Debug|Any CPU.ActiveCfg = Debug|Any CPU
		{9DB10304-BD1C-43E0-86CB-567052D27CEC}.Debug|Any CPU.Build.0 = Debug|Any CPU
		{9DB10304-BD1C-43E0-86CB-567052D27CEC}.Release|Any CPU.ActiveCfg = Release|Any CPU
		{9DB10304-BD1C-43E0-86CB-567052D27CEC}.Release|Any CPU.Build.0 = Release|Any CPU
		{397C00C9-42EE-461E-B81E-14332E1E90D6}.Debug|Any CPU.ActiveCfg = Debug|Any CPU
		{397C00C9-42EE-461E-B81E-14332E1E90D6}.Debug|Any CPU.Build.0 = Debug|Any CPU
		{397C00C9-42EE-461E-B81E-14332E1E90D6}.Release|Any CPU.ActiveCfg = Release|Any CPU
		{397C00C9-42EE-461E-B81E-14332E1E90D6}.Release|Any CPU.Build.0 = Release|Any CPU
		{CFE8FB5C-6F3A-4049-A5F9-CC5CCFABD5A1}.Debug|Any CPU.ActiveCfg = Debug|Any CPU
		{CFE8FB5C-6F3A-4049-A5F9-CC5CCFABD5A1}.Debug|Any CPU.Build.0 = Debug|Any CPU
		{CFE8FB5C-6F3A-4049-A5F9-CC5CCFABD5A1}.Release|Any CPU.ActiveCfg = Release|Any CPU
		{CFE8FB5C-6F3A-4049-A5F9-CC5CCFABD5A1}.Release|Any CPU.Build.0 = Release|Any CPU
		{786320B7-5A9E-4AF5-AF9B-EE37DAACA0AD}.Debug|Any CPU.ActiveCfg = Debug|Any CPU
		{786320B7-5A9E-4AF5-AF9B-EE37DAACA0AD}.Debug|Any CPU.Build.0 = Debug|Any CPU
		{786320B7-5A9E-4AF5-AF9B-EE37DAACA0AD}.Release|Any CPU.ActiveCfg = Release|Any CPU
		{786320B7-5A9E-4AF5-AF9B-EE37DAACA0AD}.Release|Any CPU.Build.0 = Release|Any CPU
	EndGlobalSection
	GlobalSection(SolutionProperties) = preSolution
		HideSolutionNode = FALSE
	EndGlobalSection
EndGlobal
